// !$*UTF8*$!
{
	archiveVersion = 1;
	classes = {
	};
	objectVersion = 46;
	objects = {

/* Begin PBXBuildFile section */
		4947661D1E7D0D000024F9A2 /* AppDelegate.swift in Sources */ = {isa = PBXBuildFile; fileRef = 4947661C1E7D0D000024F9A2 /* AppDelegate.swift */; };
		494766221E7D0D000024F9A2 /* Main.storyboard in Resources */ = {isa = PBXBuildFile; fileRef = 494766201E7D0D000024F9A2 /* Main.storyboard */; };
		494766241E7D0D000024F9A2 /* Assets.xcassets in Resources */ = {isa = PBXBuildFile; fileRef = 494766231E7D0D000024F9A2 /* Assets.xcassets */; };
		494766271E7D0D000024F9A2 /* LaunchScreen.storyboard in Resources */ = {isa = PBXBuildFile; fileRef = 494766251E7D0D000024F9A2 /* LaunchScreen.storyboard */; };
		494766331E7D0E900024F9A2 /* SplashViewController.swift in Sources */ = {isa = PBXBuildFile; fileRef = 494766321E7D0E900024F9A2 /* SplashViewController.swift */; };
/* End PBXBuildFile section */

/* Begin PBXFileReference section */
		494766191E7D0D000024F9A2 /* Doocine-iOS.app */ = {isa = PBXFileReference; explicitFileType = wrapper.application; includeInIndex = 0; path = "Doocine-iOS.app"; sourceTree = BUILT_PRODUCTS_DIR; };
		4947661C1E7D0D000024F9A2 /* AppDelegate.swift */ = {isa = PBXFileReference; lastKnownFileType = sourcecode.swift; path = AppDelegate.swift; sourceTree = "<group>"; };
		494766211E7D0D000024F9A2 /* Base */ = {isa = PBXFileReference; lastKnownFileType = file.storyboard; name = Base; path = Base.lproj/Main.storyboard; sourceTree = "<group>"; };
		494766231E7D0D000024F9A2 /* Assets.xcassets */ = {isa = PBXFileReference; lastKnownFileType = folder.assetcatalog; path = Assets.xcassets; sourceTree = "<group>"; };
		494766261E7D0D000024F9A2 /* Base */ = {isa = PBXFileReference; lastKnownFileType = file.storyboard; name = Base; path = Base.lproj/LaunchScreen.storyboard; sourceTree = "<group>"; };
		494766281E7D0D000024F9A2 /* Info.plist */ = {isa = PBXFileReference; lastKnownFileType = text.plist.xml; path = Info.plist; sourceTree = "<group>"; };
		494766321E7D0E900024F9A2 /* SplashViewController.swift */ = {isa = PBXFileReference; fileEncoding = 4; lastKnownFileType = sourcecode.swift; name = SplashViewController.swift; path = View/ViewControllers/SplashViewController.swift; sourceTree = "<group>"; };
/* End PBXFileReference section */

/* Begin PBXFrameworksBuildPhase section */
		494766161E7D0CFF0024F9A2 /* Frameworks */ = {
			isa = PBXFrameworksBuildPhase;
			buildActionMask = 2147483647;
			files = (
			);
			runOnlyForDeploymentPostprocessing = 0;
		};
/* End PBXFrameworksBuildPhase section */

/* Begin PBXGroup section */
		494766101E7D0CFF0024F9A2 = {
			isa = PBXGroup;
			children = (
				4947661B1E7D0D000024F9A2 /* Doocine-iOS */,
				4947661A1E7D0D000024F9A2 /* Products */,
			);
			sourceTree = "<group>";
		};
		4947661A1E7D0D000024F9A2 /* Products */ = {
			isa = PBXGroup;
			children = (
				494766191E7D0D000024F9A2 /* Doocine-iOS.app */,
			);
			name = Products;
			sourceTree = "<group>";
		};
		4947661B1E7D0D000024F9A2 /* Doocine-iOS */ = {
			isa = PBXGroup;
			children = (
				494766301E7D0D420024F9A2 /* Cell */,
				4947662F1E7D0D380024F9A2 /* View */,
				4947662E1E7D0D340024F9A2 /* Model */,
				4947661C1E7D0D000024F9A2 /* AppDelegate.swift */,
				494766231E7D0D000024F9A2 /* Assets.xcassets */,
				494766251E7D0D000024F9A2 /* LaunchScreen.storyboard */,
				494766281E7D0D000024F9A2 /* Info.plist */,
			);
			path = "Doocine-iOS";
			sourceTree = "<group>";
		};
		4947662E1E7D0D340024F9A2 /* Model */ = {
			isa = PBXGroup;
			children = (
			);
			name = Model;
			sourceTree = "<group>";
		};
		4947662F1E7D0D380024F9A2 /* View */ = {
			isa = PBXGroup;
			children = (
				494766341E7D0E9F0024F9A2 /* Storyboard */,
				494766311E7D0E720024F9A2 /* ViewControllers */,
			);
			name = View;
			sourceTree = "<group>";
		};
		494766301E7D0D420024F9A2 /* Cell */ = {
			isa = PBXGroup;
			children = (
			);
			name = Cell;
			sourceTree = "<group>";
		};
		494766311E7D0E720024F9A2 /* ViewControllers */ = {
			isa = PBXGroup;
			children = (
				494766321E7D0E900024F9A2 /* SplashViewController.swift */,
			);
			name = ViewControllers;
			sourceTree = "<group>";
		};
		494766341E7D0E9F0024F9A2 /* Storyboard */ = {
			isa = PBXGroup;
			children = (
				494766201E7D0D000024F9A2 /* Main.storyboard */,
			);
			name = Storyboard;
			sourceTree = "<group>";
		};
/* End PBXGroup section */

/* Begin PBXNativeTarget section */
		494766181E7D0CFF0024F9A2 /* Doocine-iOS */ = {
			isa = PBXNativeTarget;
			buildConfigurationList = 4947662B1E7D0D000024F9A2 /* Build configuration list for PBXNativeTarget "Doocine-iOS" */;
			buildPhases = (
				494766151E7D0CFF0024F9A2 /* Sources */,
				494766161E7D0CFF0024F9A2 /* Frameworks */,
				494766171E7D0CFF0024F9A2 /* Resources */,
			);
			buildRules = (
			);
			dependencies = (
			);
			name = "Doocine-iOS";
			productName = "Doocine-iOS";
			productReference = 494766191E7D0D000024F9A2 /* Doocine-iOS.app */;
			productType = "com.apple.product-type.application";
		};
/* End PBXNativeTarget section */

/* Begin PBXProject section */
		494766111E7D0CFF0024F9A2 /* Project object */ = {
			isa = PBXProject;
			attributes = {
				LastSwiftUpdateCheck = 0820;
				LastUpgradeCheck = 0820;
				ORGANIZATIONNAME = Sohn;
				TargetAttributes = {
					494766181E7D0CFF0024F9A2 = {
						CreatedOnToolsVersion = 8.2;
						DevelopmentTeam = 23EFP3FERN;
						ProvisioningStyle = Automatic;
					};
				};
			};
			buildConfigurationList = 494766141E7D0CFF0024F9A2 /* Build configuration list for PBXProject "Doocine-iOS" */;
			compatibilityVersion = "Xcode 3.2";
			developmentRegion = English;
			hasScannedForEncodings = 0;
			knownRegions = (
				en,
				Base,
			);
			mainGroup = 494766101E7D0CFF0024F9A2;
			productRefGroup = 4947661A1E7D0D000024F9A2 /* Products */;
			projectDirPath = "";
			projectRoot = "";
			targets = (
				494766181E7D0CFF0024F9A2 /* Doocine-iOS */,
			);
		};
/* End PBXProject section */

/* Begin PBXResourcesBuildPhase section */
		494766171E7D0CFF0024F9A2 /* Resources */ = {
			isa = PBXResourcesBuildPhase;
			buildActionMask = 2147483647;
			files = (
				494766271E7D0D000024F9A2 /* LaunchScreen.storyboard in Resources */,
				494766241E7D0D000024F9A2 /* Assets.xcassets in Resources */,
				494766221E7D0D000024F9A2 /* Main.storyboard in Resources */,
			);
			runOnlyForDeploymentPostprocessing = 0;
		};
/* End PBXResourcesBuildPhase section */

/* Begin PBXSourcesBuildPhase section */
		494766151E7D0CFF0024F9A2 /* Sources */ = {
			isa = PBXSourcesBuildPhase;
			buildActionMask = 2147483647;
			files = (
				494766331E7D0E900024F9A2 /* SplashViewController.swift in Sources */,
				4947661D1E7D0D000024F9A2 /* AppDelegate.swift in Sources */,
			);
			runOnlyForDeploymentPostprocessing = 0;
		};
/* End PBXSourcesBuildPhase section */

/* Begin PBXVariantGroup section */
		494766201E7D0D000024F9A2 /* Main.storyboard */ = {
			isa = PBXVariantGroup;
			children = (
				494766211E7D0D000024F9A2 /* Base */,
			);
			name = Main.storyboard;
			sourceTree = "<group>";
		};
		494766251E7D0D000024F9A2 /* LaunchScreen.storyboard */ = {
			isa = PBXVariantGroup;
			children = (
				494766261E7D0D000024F9A2 /* Base */,
			);
			name = LaunchScreen.storyboard;
			sourceTree = "<group>";
		};
/* End PBXVariantGroup section */

/* Begin XCBuildConfiguration section */
		494766291E7D0D000024F9A2 /* Debug */ = {
			isa = XCBuildConfiguration;
			buildSettings = {
				ALWAYS_SEARCH_USER_PATHS = NO;
				CLANG_ANALYZER_NONNULL = YES;
				CLANG_CXX_LANGUAGE_STANDARD = "gnu++0x";
				CLANG_CXX_LIBRARY = "libc++";
				CLANG_ENABLE_MODULES = YES;
				CLANG_ENABLE_OBJC_ARC = YES;
				CLANG_WARN_BOOL_CONVERSION = YES;
				CLANG_WARN_CONSTANT_CONVERSION = YES;
				CLANG_WARN_DIRECT_OBJC_ISA_USAGE = YES_ERROR;
				CLANG_WARN_DOCUMENTATION_COMMENTS = YES;
				CLANG_WARN_EMPTY_BODY = YES;
				CLANG_WARN_ENUM_CONVERSION = YES;
				CLANG_WARN_INFINITE_RECURSION = YES;
				CLANG_WARN_INT_CONVERSION = YES;
				CLANG_WARN_OBJC_ROOT_CLASS = YES_ERROR;
				CLANG_WARN_SUSPICIOUS_MOVE = YES;
				CLANG_WARN_UNREACHABLE_CODE = YES;
				CLANG_WARN__DUPLICATE_METHOD_MATCH = YES;
				"CODE_SIGN_IDENTITY[sdk=iphoneos*]" = "iPhone Developer";
				COPY_PHASE_STRIP = NO;
				DEBUG_INFORMATION_FORMAT = dwarf;
				ENABLE_STRICT_OBJC_MSGSEND = YES;
				ENABLE_TESTABILITY = YES;
				GCC_C_LANGUAGE_STANDARD = gnu99;
				GCC_DYNAMIC_NO_PIC = NO;
				GCC_NO_COMMON_BLOCKS = YES;
				GCC_OPTIMIZATION_LEVEL = 0;
				GCC_PREPROCESSOR_DEFINITIONS = (
					"DEBUG=1",
					"$(inherited)",
				);
				GCC_WARN_64_TO_32_BIT_CONVERSION = YES;
				GCC_WARN_ABOUT_RETURN_TYPE = YES_ERROR;
				GCC_WARN_UNDECLARED_SELECTOR = YES;
				GCC_WARN_UNINITIALIZED_AUTOS = YES_AGGRESSIVE;
				GCC_WARN_UNUSED_FUNCTION = YES;
				GCC_WARN_UNUSED_VARIABLE = YES;
				IPHONEOS_DEPLOYMENT_TARGET = 10.2;
				MTL_ENABLE_DEBUG_INFO = YES;
				ONLY_ACTIVE_ARCH = YES;
				SDKROOT = iphoneos;
				SWIFT_ACTIVE_COMPILATION_CONDITIONS = DEBUG;
				SWIFT_OPTIMIZATION_LEVEL = "-Onone";
				TARGETED_DEVICE_FAMILY = 2;
			};
			name = Debug;
		};
		4947662A1E7D0D000024F9A2 /* Release */ = {
			isa = XCBuildConfiguration;
			buildSettings = {
				ALWAYS_SEARCH_USER_PATHS = NO;
				CLANG_ANALYZER_NONNULL = YES;
				CLANG_CXX_LANGUAGE_STANDARD = "gnu++0x";
				CLANG_CXX_LIBRARY = "libc++";
				CLANG_ENABLE_MODULES = YES;
				CLANG_ENABLE_OBJC_ARC = YES;
				CLANG_WARN_BOOL_CONVERSION = YES;
				CLANG_WARN_CONSTANT_CONVERSION = YES;
				CLANG_WARN_DIRECT_OBJC_ISA_USAGE = YES_ERROR;
				CLANG_WARN_DOCUMENTATION_COMMENTS = YES;
				CLANG_WARN_EMPTY_BODY = YES;
				CLANG_WARN_ENUM_CONVERSION = YES;
				CLANG_WARN_INFINITE_RECURSION = YES;
				CLANG_WARN_INT_CONVERSION = YES;
				CLANG_WARN_OBJC_ROOT_CLASS = YES_ERROR;
				CLANG_WARN_SUSPICIOUS_MOVE = YES;
				CLANG_WARN_UNREACHABLE_CODE = YES;
				CLANG_WARN__DUPLICATE_METHOD_MATCH = YES;
				"CODE_SIGN_IDENTITY[sdk=iphoneos*]" = "iPhone Developer";
				COPY_PHASE_STRIP = NO;
				DEBUG_INFORMATION_FORMAT = "dwarf-with-dsym";
				ENABLE_NS_ASSERTIONS = NO;
				ENABLE_STRICT_OBJC_MSGSEND = YES;
				GCC_C_LANGUAGE_STANDARD = gnu99;
				GCC_NO_COMMON_BLOCKS = YES;
				GCC_WARN_64_TO_32_BIT_CONVERSION = YES;
				GCC_WARN_ABOUT_RETURN_TYPE = YES_ERROR;
				GCC_WARN_UNDECLARED_SELECTOR = YES;
				GCC_WARN_UNINITIALIZED_AUTOS = YES_AGGRESSIVE;
				GCC_WARN_UNUSED_FUNCTION = YES;
				GCC_WARN_UNUSED_VARIABLE = YES;
				IPHONEOS_DEPLOYMENT_TARGET = 10.2;
				MTL_ENABLE_DEBUG_INFO = NO;
				SDKROOT = iphoneos;
				SWIFT_OPTIMIZATION_LEVEL = "-Owholemodule";
				TARGETED_DEVICE_FAMILY = 2;
				VALIDATE_PRODUCT = YES;
			};
			name = Release;
		};
		4947662C1E7D0D000024F9A2 /* Debug */ = {
			isa = XCBuildConfiguration;
			buildSettings = {
				ASSETCATALOG_COMPILER_APPICON_NAME = AppIcon;
				DEVELOPMENT_TEAM = 23EFP3FERN;
				INFOPLIST_FILE = "Doocine-iOS/Info.plist";
				LD_RUNPATH_SEARCH_PATHS = "$(inherited) @executable_path/Frameworks";
				PRODUCT_BUNDLE_IDENTIFIER = "Sohn.Doocine-iOS";
				PRODUCT_NAME = "$(TARGET_NAME)";
				SWIFT_VERSION = 3.0;
			};
			name = Debug;
		};
		4947662D1E7D0D000024F9A2 /* Release */ = {
			isa = XCBuildConfiguration;
			buildSettings = {
				ASSETCATALOG_COMPILER_APPICON_NAME = AppIcon;
				DEVELOPMENT_TEAM = 23EFP3FERN;
				INFOPLIST_FILE = "Doocine-iOS/Info.plist";
				LD_RUNPATH_SEARCH_PATHS = "$(inherited) @executable_path/Frameworks";
				PRODUCT_BUNDLE_IDENTIFIER = "Sohn.Doocine-iOS";
				PRODUCT_NAME = "$(TARGET_NAME)";
				SWIFT_VERSION = 3.0;
			};
			name = Release;
		};
/* End XCBuildConfiguration section */

/* Begin XCConfigurationList section */
		494766141E7D0CFF0024F9A2 /* Build configuration list for PBXProject "Doocine-iOS" */ = {
			isa = XCConfigurationList;
			buildConfigurations = (
				494766291E7D0D000024F9A2 /* Debug */,
				4947662A1E7D0D000024F9A2 /* Release */,
			);
			defaultConfigurationIsVisible = 0;
			defaultConfigurationName = Release;
		};
		4947662B1E7D0D000024F9A2 /* Build configuration list for PBXNativeTarget "Doocine-iOS" */ = {
			isa = XCConfigurationList;
			buildConfigurations = (
				4947662C1E7D0D000024F9A2 /* Debug */,
				4947662D1E7D0D000024F9A2 /* Release */,
			);
			defaultConfigurationIsVisible = 0;
		};
/* End XCConfigurationList section */
	};
	rootObject = 494766111E7D0CFF0024F9A2 /* Project object */;
}
