// !$*UTF8*$!
{
	archiveVersion = 1;
	classes = {
	};
	objectVersion = 46;
	objects = {

/* Begin PBXBuildFile section */
		49131DFD1E9E8A25002108A2 /* ProjectDetailCollectionCell.swift in Sources */ = {isa = PBXBuildFile; fileRef = 49131DFC1E9E8A25002108A2 /* ProjectDetailCollectionCell.swift */; };
		49131DFF1E9F1407002108A2 /* MakeSceneCollectionViewCell.swift in Sources */ = {isa = PBXBuildFile; fileRef = 49131DFE1E9F1407002108A2 /* MakeSceneCollectionViewCell.swift */; };
		49131E011E9F1A53002108A2 /* MakeSceneViewController.swift in Sources */ = {isa = PBXBuildFile; fileRef = 49131E001E9F1A53002108A2 /* MakeSceneViewController.swift */; };
		491FDA2A1E9FB1F40010FB8A /* MakeCutViewController.swift in Sources */ = {isa = PBXBuildFile; fileRef = 491FDA291E9FB1F40010FB8A /* MakeCutViewController.swift */; };
		491FDA2C1E9FBE150010FB8A /* ShotSizeViewController.swift in Sources */ = {isa = PBXBuildFile; fileRef = 491FDA2B1E9FBE150010FB8A /* ShotSizeViewController.swift */; };
		492430B41E8400B800C3BBA0 /* HomeProjectScrollView.swift in Sources */ = {isa = PBXBuildFile; fileRef = 492430B31E8400B800C3BBA0 /* HomeProjectScrollView.swift */; };
		492430B61E8401AD00C3BBA0 /* HomeHeaderView.swift in Sources */ = {isa = PBXBuildFile; fileRef = 492430B51E8401AD00C3BBA0 /* HomeHeaderView.swift */; };
		492430B81E840AF500C3BBA0 /* ProjectView.swift in Sources */ = {isa = PBXBuildFile; fileRef = 492430B71E840AF500C3BBA0 /* ProjectView.swift */; };
		492430BA1E840B1000C3BBA0 /* MakeNewProjectView.swift in Sources */ = {isa = PBXBuildFile; fileRef = 492430B91E840B1000C3BBA0 /* MakeNewProjectView.swift */; };
		492C24601EC323D800029F18 /* YoutubeViewController.swift in Sources */ = {isa = PBXBuildFile; fileRef = 492C245F1EC323D800029F18 /* YoutubeViewController.swift */; };
		4939D6B91EA0667000A90B96 /* CameraWalkPopup.swift in Sources */ = {isa = PBXBuildFile; fileRef = 4939D6B81EA0667000A90B96 /* CameraWalkPopup.swift */; };
		493D68641E9A522500A67670 /* ProjectStartCell.swift in Sources */ = {isa = PBXBuildFile; fileRef = 493D68631E9A522500A67670 /* ProjectStartCell.swift */; };
		4947661D1E7D0D000024F9A2 /* AppDelegate.swift in Sources */ = {isa = PBXBuildFile; fileRef = 4947661C1E7D0D000024F9A2 /* AppDelegate.swift */; };
		494766221E7D0D000024F9A2 /* Main.storyboard in Resources */ = {isa = PBXBuildFile; fileRef = 494766201E7D0D000024F9A2 /* Main.storyboard */; };
		494766241E7D0D000024F9A2 /* Assets.xcassets in Resources */ = {isa = PBXBuildFile; fileRef = 494766231E7D0D000024F9A2 /* Assets.xcassets */; };
		494766271E7D0D000024F9A2 /* LaunchScreen.storyboard in Resources */ = {isa = PBXBuildFile; fileRef = 494766251E7D0D000024F9A2 /* LaunchScreen.storyboard */; };
		494766331E7D0E900024F9A2 /* SplashViewController.swift in Sources */ = {isa = PBXBuildFile; fileRef = 494766321E7D0E900024F9A2 /* SplashViewController.swift */; };
		494766361E7D0F6B0024F9A2 /* MovieStoryboard.swift in Sources */ = {isa = PBXBuildFile; fileRef = 494766351E7D0F6B0024F9A2 /* MovieStoryboard.swift */; };
		4947663F1E7D14430024F9A2 /* HomeViewController.swift in Sources */ = {isa = PBXBuildFile; fileRef = 4947663E1E7D14430024F9A2 /* HomeViewController.swift */; };
		494AF10C1E96092F005D704C /* ProjectSceneCell.swift in Sources */ = {isa = PBXBuildFile; fileRef = 494AF10B1E96092F005D704C /* ProjectSceneCell.swift */; };
		496882461EA0917B0068605A /* IntroViewController.swift in Sources */ = {isa = PBXBuildFile; fileRef = 496882451EA0917B0068605A /* IntroViewController.swift */; };
		49898BC61ECC6665007C5360 /* EditCutNumberPopup.swift in Sources */ = {isa = PBXBuildFile; fileRef = 49898BC51ECC6665007C5360 /* EditCutNumberPopup.swift */; };
		498A21F01E8C100400C1D5E1 /* CreateProjectPopup.swift in Sources */ = {isa = PBXBuildFile; fileRef = 498A21EF1E8C100400C1D5E1 /* CreateProjectPopup.swift */; };
		498A21F31E8C105300C1D5E1 /* Popup.storyboard in Resources */ = {isa = PBXBuildFile; fileRef = 498A21F11E8C105300C1D5E1 /* Popup.storyboard */; };
		4997E9601E8CD7A8004F742E /* Cut.swift in Sources */ = {isa = PBXBuildFile; fileRef = 4997E95F1E8CD7A8004F742E /* Cut.swift */; };
		49A9DF8F1E954ACC008F75AB /* ProjectListViewController.swift in Sources */ = {isa = PBXBuildFile; fileRef = 49A9DF8E1E954ACC008F75AB /* ProjectListViewController.swift */; };
		49A9DF921E9550ED008F75AB /* ProjectListCell.swift in Sources */ = {isa = PBXBuildFile; fileRef = 49A9DF911E9550ED008F75AB /* ProjectListCell.swift */; };
		49A9DF951E9564BD008F75AB /* ProjectDetailViewController.swift in Sources */ = {isa = PBXBuildFile; fileRef = 49A9DF941E9564BD008F75AB /* ProjectDetailViewController.swift */; };
		49ACFDAB1EB481C400565912 /* UIImageExtension.swift in Sources */ = {isa = PBXBuildFile; fileRef = 49ACFDAA1EB481C400565912 /* UIImageExtension.swift */; };
		49ACFDAD1EB481D900565912 /* UITableViewExtension.swift in Sources */ = {isa = PBXBuildFile; fileRef = 49ACFDAC1EB481D900565912 /* UITableViewExtension.swift */; };
		49C282481EA381BF00727CB2 /* PhotoManager.swift in Sources */ = {isa = PBXBuildFile; fileRef = 49C282471EA381BF00727CB2 /* PhotoManager.swift */; };
		49C4A5BA1EB08BD1007B0D04 /* PhotoModePopup.swift in Sources */ = {isa = PBXBuildFile; fileRef = 49C4A5B91EB08BD1007B0D04 /* PhotoModePopup.swift */; };
		49F8E3BB1E7D149B004A61B3 /* TutorialViewController.swift in Sources */ = {isa = PBXBuildFile; fileRef = 49F8E3BA1E7D149B004A61B3 /* TutorialViewController.swift */; };
		49F8E3BE1E7D18E6004A61B3 /* BaseViewController.swift in Sources */ = {isa = PBXBuildFile; fileRef = 49F8E3BD1E7D18E6004A61B3 /* BaseViewController.swift */; };
		49F8E3C01E7D194C004A61B3 /* ColorExtension.swift in Sources */ = {isa = PBXBuildFile; fileRef = 49F8E3BF1E7D194C004A61B3 /* ColorExtension.swift */; };
		49F8E3C71E7D1B2D004A61B3 /* Constants.swift in Sources */ = {isa = PBXBuildFile; fileRef = 49F8E3C61E7D1B2D004A61B3 /* Constants.swift */; };
		49F8E3C91E7D1DED004A61B3 /* Scene.swift in Sources */ = {isa = PBXBuildFile; fileRef = 49F8E3C81E7D1DED004A61B3 /* Scene.swift */; };
		49FD2F941EA462F700F40C44 /* MakeProjectCell.swift in Sources */ = {isa = PBXBuildFile; fileRef = 49FD2F931EA462F700F40C44 /* MakeProjectCell.swift */; };
		49FD2F961EA4630800F40C44 /* ProjectCell.swift in Sources */ = {isa = PBXBuildFile; fileRef = 49FD2F951EA4630800F40C44 /* ProjectCell.swift */; };
		ED3649E7823A586FFA71C9BE /* Pods_Doocine_iOS.framework in Frameworks */ = {isa = PBXBuildFile; fileRef = E0D88F961367641B98C98A6C /* Pods_Doocine_iOS.framework */; };
/* End PBXBuildFile section */

/* Begin PBXFileReference section */
		1EC1349277454E927C588BBE /* Pods-Doocine-iOS.release.xcconfig */ = {isa = PBXFileReference; includeInIndex = 1; lastKnownFileType = text.xcconfig; name = "Pods-Doocine-iOS.release.xcconfig"; path = "Pods/Target Support Files/Pods-Doocine-iOS/Pods-Doocine-iOS.release.xcconfig"; sourceTree = "<group>"; };
		2D64F9E2D53F17A4C0E29676 /* Pods-Doocine-iOS.debug.xcconfig */ = {isa = PBXFileReference; includeInIndex = 1; lastKnownFileType = text.xcconfig; name = "Pods-Doocine-iOS.debug.xcconfig"; path = "Pods/Target Support Files/Pods-Doocine-iOS/Pods-Doocine-iOS.debug.xcconfig"; sourceTree = "<group>"; };
		49131DFC1E9E8A25002108A2 /* ProjectDetailCollectionCell.swift */ = {isa = PBXFileReference; fileEncoding = 4; lastKnownFileType = sourcecode.swift; name = ProjectDetailCollectionCell.swift; path = Cell/ProjectDetailCollectionCell.swift; sourceTree = "<group>"; };
		49131DFE1E9F1407002108A2 /* MakeSceneCollectionViewCell.swift */ = {isa = PBXFileReference; fileEncoding = 4; lastKnownFileType = sourcecode.swift; name = MakeSceneCollectionViewCell.swift; path = Cell/MakeSceneCollectionViewCell.swift; sourceTree = "<group>"; };
		49131E001E9F1A53002108A2 /* MakeSceneViewController.swift */ = {isa = PBXFileReference; fileEncoding = 4; lastKnownFileType = sourcecode.swift; name = MakeSceneViewController.swift; path = View/ViewControllers/MakeSceneViewController.swift; sourceTree = "<group>"; };
		491FDA291E9FB1F40010FB8A /* MakeCutViewController.swift */ = {isa = PBXFileReference; fileEncoding = 4; lastKnownFileType = sourcecode.swift; name = MakeCutViewController.swift; path = View/ViewControllers/MakeCutViewController.swift; sourceTree = "<group>"; };
		491FDA2B1E9FBE150010FB8A /* ShotSizeViewController.swift */ = {isa = PBXFileReference; fileEncoding = 4; lastKnownFileType = sourcecode.swift; name = ShotSizeViewController.swift; path = View/Popup/ShotSizeViewController.swift; sourceTree = "<group>"; };
		492430B31E8400B800C3BBA0 /* HomeProjectScrollView.swift */ = {isa = PBXFileReference; fileEncoding = 4; lastKnownFileType = sourcecode.swift; name = HomeProjectScrollView.swift; path = View/CustomView/HomeProjectScrollView.swift; sourceTree = "<group>"; };
		492430B51E8401AD00C3BBA0 /* HomeHeaderView.swift */ = {isa = PBXFileReference; fileEncoding = 4; lastKnownFileType = sourcecode.swift; name = HomeHeaderView.swift; path = View/CustomView/HomeHeaderView.swift; sourceTree = "<group>"; };
		492430B71E840AF500C3BBA0 /* ProjectView.swift */ = {isa = PBXFileReference; fileEncoding = 4; lastKnownFileType = sourcecode.swift; name = ProjectView.swift; path = View/CustomView/ProjectView.swift; sourceTree = "<group>"; };
		492430B91E840B1000C3BBA0 /* MakeNewProjectView.swift */ = {isa = PBXFileReference; fileEncoding = 4; lastKnownFileType = sourcecode.swift; name = MakeNewProjectView.swift; path = View/CustomView/MakeNewProjectView.swift; sourceTree = "<group>"; };
		492C245F1EC323D800029F18 /* YoutubeViewController.swift */ = {isa = PBXFileReference; fileEncoding = 4; lastKnownFileType = sourcecode.swift; name = YoutubeViewController.swift; path = View/ViewControllers/YoutubeViewController.swift; sourceTree = "<group>"; };
		4939D6B81EA0667000A90B96 /* CameraWalkPopup.swift */ = {isa = PBXFileReference; fileEncoding = 4; lastKnownFileType = sourcecode.swift; name = CameraWalkPopup.swift; path = View/Popup/CameraWalkPopup.swift; sourceTree = "<group>"; };
		493D68631E9A522500A67670 /* ProjectStartCell.swift */ = {isa = PBXFileReference; fileEncoding = 4; lastKnownFileType = sourcecode.swift; name = ProjectStartCell.swift; path = Cell/ProjectStartCell.swift; sourceTree = "<group>"; };
		494766191E7D0D000024F9A2 /* Doocine-iOS.app */ = {isa = PBXFileReference; explicitFileType = wrapper.application; includeInIndex = 0; path = "Doocine-iOS.app"; sourceTree = BUILT_PRODUCTS_DIR; };
		4947661C1E7D0D000024F9A2 /* AppDelegate.swift */ = {isa = PBXFileReference; lastKnownFileType = sourcecode.swift; path = AppDelegate.swift; sourceTree = "<group>"; };
		494766211E7D0D000024F9A2 /* Base */ = {isa = PBXFileReference; lastKnownFileType = file.storyboard; name = Base; path = Base.lproj/Main.storyboard; sourceTree = "<group>"; };
		494766231E7D0D000024F9A2 /* Assets.xcassets */ = {isa = PBXFileReference; lastKnownFileType = folder.assetcatalog; path = Assets.xcassets; sourceTree = "<group>"; };
		494766261E7D0D000024F9A2 /* Base */ = {isa = PBXFileReference; lastKnownFileType = file.storyboard; name = Base; path = Base.lproj/LaunchScreen.storyboard; sourceTree = "<group>"; };
		494766281E7D0D000024F9A2 /* Info.plist */ = {isa = PBXFileReference; lastKnownFileType = text.plist.xml; path = Info.plist; sourceTree = "<group>"; };
		494766321E7D0E900024F9A2 /* SplashViewController.swift */ = {isa = PBXFileReference; fileEncoding = 4; lastKnownFileType = sourcecode.swift; name = SplashViewController.swift; path = View/ViewControllers/SplashViewController.swift; sourceTree = "<group>"; };
		494766351E7D0F6B0024F9A2 /* MovieStoryboard.swift */ = {isa = PBXFileReference; fileEncoding = 4; lastKnownFileType = sourcecode.swift; name = MovieStoryboard.swift; path = Model/MovieStoryboard.swift; sourceTree = "<group>"; };
		4947663E1E7D14430024F9A2 /* HomeViewController.swift */ = {isa = PBXFileReference; fileEncoding = 4; lastKnownFileType = sourcecode.swift; name = HomeViewController.swift; path = View/ViewControllers/HomeViewController.swift; sourceTree = "<group>"; };
		494AF10B1E96092F005D704C /* ProjectSceneCell.swift */ = {isa = PBXFileReference; fileEncoding = 4; lastKnownFileType = sourcecode.swift; name = ProjectSceneCell.swift; path = Cell/ProjectSceneCell.swift; sourceTree = "<group>"; };
		496882451EA0917B0068605A /* IntroViewController.swift */ = {isa = PBXFileReference; fileEncoding = 4; lastKnownFileType = sourcecode.swift; name = IntroViewController.swift; path = View/ViewControllers/IntroViewController.swift; sourceTree = "<group>"; };
		49898BC51ECC6665007C5360 /* EditCutNumberPopup.swift */ = {isa = PBXFileReference; fileEncoding = 4; lastKnownFileType = sourcecode.swift; name = EditCutNumberPopup.swift; path = View/Popup/EditCutNumberPopup.swift; sourceTree = "<group>"; };
		498A21EF1E8C100400C1D5E1 /* CreateProjectPopup.swift */ = {isa = PBXFileReference; fileEncoding = 4; lastKnownFileType = sourcecode.swift; name = CreateProjectPopup.swift; path = View/Popup/CreateProjectPopup.swift; sourceTree = "<group>"; };
		498A21F21E8C105300C1D5E1 /* Base */ = {isa = PBXFileReference; lastKnownFileType = file.storyboard; name = Base; path = Base.lproj/Popup.storyboard; sourceTree = "<group>"; };
		4997E95F1E8CD7A8004F742E /* Cut.swift */ = {isa = PBXFileReference; fileEncoding = 4; lastKnownFileType = sourcecode.swift; name = Cut.swift; path = Model/Cut.swift; sourceTree = "<group>"; };
		49A9DF8E1E954ACC008F75AB /* ProjectListViewController.swift */ = {isa = PBXFileReference; fileEncoding = 4; lastKnownFileType = sourcecode.swift; name = ProjectListViewController.swift; path = View/ViewControllers/ProjectListViewController.swift; sourceTree = "<group>"; };
		49A9DF911E9550ED008F75AB /* ProjectListCell.swift */ = {isa = PBXFileReference; fileEncoding = 4; lastKnownFileType = sourcecode.swift; name = ProjectListCell.swift; path = Cell/ProjectListCell.swift; sourceTree = "<group>"; };
		49A9DF941E9564BD008F75AB /* ProjectDetailViewController.swift */ = {isa = PBXFileReference; fileEncoding = 4; lastKnownFileType = sourcecode.swift; name = ProjectDetailViewController.swift; path = View/ViewControllers/ProjectDetailViewController.swift; sourceTree = "<group>"; };
		49ACFDAA1EB481C400565912 /* UIImageExtension.swift */ = {isa = PBXFileReference; fileEncoding = 4; lastKnownFileType = sourcecode.swift; path = UIImageExtension.swift; sourceTree = "<group>"; };
		49ACFDAC1EB481D900565912 /* UITableViewExtension.swift */ = {isa = PBXFileReference; fileEncoding = 4; lastKnownFileType = sourcecode.swift; path = UITableViewExtension.swift; sourceTree = "<group>"; };
		49C282471EA381BF00727CB2 /* PhotoManager.swift */ = {isa = PBXFileReference; fileEncoding = 4; lastKnownFileType = sourcecode.swift; name = PhotoManager.swift; path = Utils/PhotoManager.swift; sourceTree = "<group>"; };
		49C4A5B91EB08BD1007B0D04 /* PhotoModePopup.swift */ = {isa = PBXFileReference; fileEncoding = 4; lastKnownFileType = sourcecode.swift; name = PhotoModePopup.swift; path = View/Popup/PhotoModePopup.swift; sourceTree = "<group>"; };
		49F8E3BA1E7D149B004A61B3 /* TutorialViewController.swift */ = {isa = PBXFileReference; fileEncoding = 4; lastKnownFileType = sourcecode.swift; name = TutorialViewController.swift; path = View/ViewControllers/TutorialViewController.swift; sourceTree = "<group>"; };
		49F8E3BD1E7D18E6004A61B3 /* BaseViewController.swift */ = {isa = PBXFileReference; fileEncoding = 4; lastKnownFileType = sourcecode.swift; name = BaseViewController.swift; path = View/ViewControllers/BaseViewController.swift; sourceTree = "<group>"; };
		49F8E3BF1E7D194C004A61B3 /* ColorExtension.swift */ = {isa = PBXFileReference; fileEncoding = 4; lastKnownFileType = sourcecode.swift; name = ColorExtension.swift; path = Extension/ColorExtension.swift; sourceTree = "<group>"; };
		49F8E3C61E7D1B2D004A61B3 /* Constants.swift */ = {isa = PBXFileReference; fileEncoding = 4; lastKnownFileType = sourcecode.swift; name = Constants.swift; path = Utils/Constants.swift; sourceTree = "<group>"; };
		49F8E3C81E7D1DED004A61B3 /* Scene.swift */ = {isa = PBXFileReference; fileEncoding = 4; lastKnownFileType = sourcecode.swift; name = Scene.swift; path = Model/Scene.swift; sourceTree = "<group>"; };
		49FD2F931EA462F700F40C44 /* MakeProjectCell.swift */ = {isa = PBXFileReference; fileEncoding = 4; lastKnownFileType = sourcecode.swift; name = MakeProjectCell.swift; path = Cell/MakeProjectCell.swift; sourceTree = "<group>"; };
		49FD2F951EA4630800F40C44 /* ProjectCell.swift */ = {isa = PBXFileReference; fileEncoding = 4; lastKnownFileType = sourcecode.swift; name = ProjectCell.swift; path = Cell/ProjectCell.swift; sourceTree = "<group>"; };
		E0D88F961367641B98C98A6C /* Pods_Doocine_iOS.framework */ = {isa = PBXFileReference; explicitFileType = wrapper.framework; includeInIndex = 0; path = Pods_Doocine_iOS.framework; sourceTree = BUILT_PRODUCTS_DIR; };
/* End PBXFileReference section */

/* Begin PBXFrameworksBuildPhase section */
		494766161E7D0CFF0024F9A2 /* Frameworks */ = {
			isa = PBXFrameworksBuildPhase;
			buildActionMask = 2147483647;
			files = (
				ED3649E7823A586FFA71C9BE /* Pods_Doocine_iOS.framework in Frameworks */,
			);
			runOnlyForDeploymentPostprocessing = 0;
		};
/* End PBXFrameworksBuildPhase section */

/* Begin PBXGroup section */
		49131DFB1E9E89FE002108A2 /* ProjectDetail */ = {
			isa = PBXGroup;
			children = (
				49131DFC1E9E8A25002108A2 /* ProjectDetailCollectionCell.swift */,
				49131DFE1E9F1407002108A2 /* MakeSceneCollectionViewCell.swift */,
			);
			name = ProjectDetail;
			sourceTree = "<group>";
		};
		492430B11E84009300C3BBA0 /* CustomView */ = {
			isa = PBXGroup;
			children = (
				492430B21E8400A000C3BBA0 /* Home */,
			);
			name = CustomView;
			sourceTree = "<group>";
		};
		492430B21E8400A000C3BBA0 /* Home */ = {
			isa = PBXGroup;
			children = (
				492430B31E8400B800C3BBA0 /* HomeProjectScrollView.swift */,
				492430B51E8401AD00C3BBA0 /* HomeHeaderView.swift */,
				492430B71E840AF500C3BBA0 /* ProjectView.swift */,
				492430B91E840B1000C3BBA0 /* MakeNewProjectView.swift */,
			);
			name = Home;
			sourceTree = "<group>";
		};
		492C245E1EC323C800029F18 /* Youtube */ = {
			isa = PBXGroup;
			children = (
				492C245F1EC323D800029F18 /* YoutubeViewController.swift */,
			);
			name = Youtube;
			sourceTree = "<group>";
		};
		493D68621E9A520700A67670 /* ProjectStart */ = {
			isa = PBXGroup;
			children = (
				493D68631E9A522500A67670 /* ProjectStartCell.swift */,
			);
			name = ProjectStart;
			sourceTree = "<group>";
		};
		494766101E7D0CFF0024F9A2 = {
			isa = PBXGroup;
			children = (
				4947661B1E7D0D000024F9A2 /* Doocine-iOS */,
				4947661A1E7D0D000024F9A2 /* Products */,
				FC66D24A0B587E586BC8106D /* Pods */,
				A4CE5488CA0646390B7F9606 /* Frameworks */,
			);
			sourceTree = "<group>";
		};
		4947661A1E7D0D000024F9A2 /* Products */ = {
			isa = PBXGroup;
			children = (
				494766191E7D0D000024F9A2 /* Doocine-iOS.app */,
			);
			name = Products;
			sourceTree = "<group>";
		};
		4947661B1E7D0D000024F9A2 /* Doocine-iOS */ = {
			isa = PBXGroup;
			children = (
				494766381E7D12660024F9A2 /* Extension */,
				49F8E3C11E7D1AFC004A61B3 /* Utils */,
				4947662E1E7D0D340024F9A2 /* Model */,
				4947662F1E7D0D380024F9A2 /* View */,
				494766301E7D0D420024F9A2 /* Cell */,
				4947661C1E7D0D000024F9A2 /* AppDelegate.swift */,
				494766231E7D0D000024F9A2 /* Assets.xcassets */,
				494766251E7D0D000024F9A2 /* LaunchScreen.storyboard */,
				494766281E7D0D000024F9A2 /* Info.plist */,
			);
			path = "Doocine-iOS";
			sourceTree = "<group>";
		};
		4947662E1E7D0D340024F9A2 /* Model */ = {
			isa = PBXGroup;
			children = (
				494766351E7D0F6B0024F9A2 /* MovieStoryboard.swift */,
				49F8E3C81E7D1DED004A61B3 /* Scene.swift */,
				4997E95F1E8CD7A8004F742E /* Cut.swift */,
			);
			name = Model;
			sourceTree = "<group>";
		};
		4947662F1E7D0D380024F9A2 /* View */ = {
			isa = PBXGroup;
			children = (
				494766341E7D0E9F0024F9A2 /* Storyboard */,
				498A21EE1E8C0FE400C1D5E1 /* Popup */,
				492430B11E84009300C3BBA0 /* CustomView */,
				494766311E7D0E720024F9A2 /* ViewControllers */,
			);
			name = View;
			sourceTree = "<group>";
		};
		494766301E7D0D420024F9A2 /* Cell */ = {
			isa = PBXGroup;
			children = (
				49FD2F921EA462DC00F40C44 /* ProjectHome */,
				49131DFB1E9E89FE002108A2 /* ProjectDetail */,
				493D68621E9A520700A67670 /* ProjectStart */,
				494AF10A1E960919005D704C /* ProjectScene */,
				49A9DF901E9550D0008F75AB /* ProjectList */,
			);
			name = Cell;
			sourceTree = "<group>";
		};
		494766311E7D0E720024F9A2 /* ViewControllers */ = {
			isa = PBXGroup;
			children = (
				492C245E1EC323C800029F18 /* Youtube */,
				496882441EA0915E0068605A /* Intro */,
				49A9DF931E9564A8008F75AB /* ProjectDetail */,
				49A9DF8D1E954AA0008F75AB /* ProjectList */,
				49F8E3BC1E7D18D5004A61B3 /* Base */,
				49F8E3B91E7D148B004A61B3 /* Tutorial */,
				4947663B1E7D14220024F9A2 /* Home */,
				494766371E7D11280024F9A2 /* Splash */,
			);
			name = ViewControllers;
			sourceTree = "<group>";
		};
		494766341E7D0E9F0024F9A2 /* Storyboard */ = {
			isa = PBXGroup;
			children = (
				494766201E7D0D000024F9A2 /* Main.storyboard */,
				498A21F11E8C105300C1D5E1 /* Popup.storyboard */,
			);
			name = Storyboard;
			sourceTree = "<group>";
		};
		494766371E7D11280024F9A2 /* Splash */ = {
			isa = PBXGroup;
			children = (
				494766321E7D0E900024F9A2 /* SplashViewController.swift */,
			);
			name = Splash;
			sourceTree = "<group>";
		};
		494766381E7D12660024F9A2 /* Extension */ = {
			isa = PBXGroup;
			children = (
				49F8E3BF1E7D194C004A61B3 /* ColorExtension.swift */,
				49ACFDAA1EB481C400565912 /* UIImageExtension.swift */,
				49ACFDAC1EB481D900565912 /* UITableViewExtension.swift */,
			);
			name = Extension;
			sourceTree = "<group>";
		};
		4947663B1E7D14220024F9A2 /* Home */ = {
			isa = PBXGroup;
			children = (
				4947663E1E7D14430024F9A2 /* HomeViewController.swift */,
			);
			name = Home;
			sourceTree = "<group>";
		};
		494AF10A1E960919005D704C /* ProjectScene */ = {
			isa = PBXGroup;
			children = (
				494AF10B1E96092F005D704C /* ProjectSceneCell.swift */,
			);
			name = ProjectScene;
			sourceTree = "<group>";
		};
		496882441EA0915E0068605A /* Intro */ = {
			isa = PBXGroup;
			children = (
				496882451EA0917B0068605A /* IntroViewController.swift */,
			);
			name = Intro;
			sourceTree = "<group>";
		};
		498A21EE1E8C0FE400C1D5E1 /* Popup */ = {
			isa = PBXGroup;
			children = (
				498A21EF1E8C100400C1D5E1 /* CreateProjectPopup.swift */,
				491FDA2B1E9FBE150010FB8A /* ShotSizeViewController.swift */,
				4939D6B81EA0667000A90B96 /* CameraWalkPopup.swift */,
				49C4A5B91EB08BD1007B0D04 /* PhotoModePopup.swift */,
				49898BC51ECC6665007C5360 /* EditCutNumberPopup.swift */,
			);
			name = Popup;
			sourceTree = "<group>";
		};
		49A9DF8D1E954AA0008F75AB /* ProjectList */ = {
			isa = PBXGroup;
			children = (
				49A9DF8E1E954ACC008F75AB /* ProjectListViewController.swift */,
			);
			name = ProjectList;
			sourceTree = "<group>";
		};
		49A9DF901E9550D0008F75AB /* ProjectList */ = {
			isa = PBXGroup;
			children = (
				49A9DF911E9550ED008F75AB /* ProjectListCell.swift */,
			);
			name = ProjectList;
			sourceTree = "<group>";
		};
		49A9DF931E9564A8008F75AB /* ProjectDetail */ = {
			isa = PBXGroup;
			children = (
				49A9DF941E9564BD008F75AB /* ProjectDetailViewController.swift */,
				49131E001E9F1A53002108A2 /* MakeSceneViewController.swift */,
				491FDA291E9FB1F40010FB8A /* MakeCutViewController.swift */,
			);
			name = ProjectDetail;
			sourceTree = "<group>";
		};
		49F8E3B91E7D148B004A61B3 /* Tutorial */ = {
			isa = PBXGroup;
			children = (
				49F8E3BA1E7D149B004A61B3 /* TutorialViewController.swift */,
			);
			name = Tutorial;
			sourceTree = "<group>";
		};
		49F8E3BC1E7D18D5004A61B3 /* Base */ = {
			isa = PBXGroup;
			children = (
				49F8E3BD1E7D18E6004A61B3 /* BaseViewController.swift */,
			);
			name = Base;
			sourceTree = "<group>";
		};
		49F8E3C11E7D1AFC004A61B3 /* Utils */ = {
			isa = PBXGroup;
			children = (
				49F8E3C61E7D1B2D004A61B3 /* Constants.swift */,
				49C282471EA381BF00727CB2 /* PhotoManager.swift */,
			);
			name = Utils;
			sourceTree = "<group>";
		};
		49FD2F921EA462DC00F40C44 /* ProjectHome */ = {
			isa = PBXGroup;
			children = (
				49FD2F931EA462F700F40C44 /* MakeProjectCell.swift */,
				49FD2F951EA4630800F40C44 /* ProjectCell.swift */,
			);
			name = ProjectHome;
			sourceTree = "<group>";
		};
		A4CE5488CA0646390B7F9606 /* Frameworks */ = {
			isa = PBXGroup;
			children = (
				E0D88F961367641B98C98A6C /* Pods_Doocine_iOS.framework */,
			);
			name = Frameworks;
			sourceTree = "<group>";
		};
		FC66D24A0B587E586BC8106D /* Pods */ = {
			isa = PBXGroup;
			children = (
				2D64F9E2D53F17A4C0E29676 /* Pods-Doocine-iOS.debug.xcconfig */,
				1EC1349277454E927C588BBE /* Pods-Doocine-iOS.release.xcconfig */,
			);
			name = Pods;
			sourceTree = "<group>";
		};
/* End PBXGroup section */

/* Begin PBXNativeTarget section */
		494766181E7D0CFF0024F9A2 /* Doocine-iOS */ = {
			isa = PBXNativeTarget;
			buildConfigurationList = 4947662B1E7D0D000024F9A2 /* Build configuration list for PBXNativeTarget "Doocine-iOS" */;
			buildPhases = (
				60B0CA4934DBA8C5454FC36F /* [CP] Check Pods Manifest.lock */,
				494766151E7D0CFF0024F9A2 /* Sources */,
				494766161E7D0CFF0024F9A2 /* Frameworks */,
				494766171E7D0CFF0024F9A2 /* Resources */,
				C38F6848FDD75678545EF1F6 /* [CP] Embed Pods Frameworks */,
				9DB97E983F1E315412075EB4 /* [CP] Copy Pods Resources */,
			);
			buildRules = (
			);
			dependencies = (
			);
			name = "Doocine-iOS";
			productName = "Doocine-iOS";
			productReference = 494766191E7D0D000024F9A2 /* Doocine-iOS.app */;
			productType = "com.apple.product-type.application";
		};
/* End PBXNativeTarget section */

/* Begin PBXProject section */
		494766111E7D0CFF0024F9A2 /* Project object */ = {
			isa = PBXProject;
			attributes = {
				LastSwiftUpdateCheck = 0820;
				LastUpgradeCheck = 0820;
				ORGANIZATIONNAME = Sohn;
				TargetAttributes = {
					494766181E7D0CFF0024F9A2 = {
						CreatedOnToolsVersion = 8.2;
						DevelopmentTeam = 23EFP3FERN;
						ProvisioningStyle = Automatic;
					};
				};
			};
			buildConfigurationList = 494766141E7D0CFF0024F9A2 /* Build configuration list for PBXProject "Doocine-iOS" */;
			compatibilityVersion = "Xcode 3.2";
			developmentRegion = English;
			hasScannedForEncodings = 0;
			knownRegions = (
				en,
				Base,
			);
			mainGroup = 494766101E7D0CFF0024F9A2;
			productRefGroup = 4947661A1E7D0D000024F9A2 /* Products */;
			projectDirPath = "";
			projectRoot = "";
			targets = (
				494766181E7D0CFF0024F9A2 /* Doocine-iOS */,
			);
		};
/* End PBXProject section */

/* Begin PBXResourcesBuildPhase section */
		494766171E7D0CFF0024F9A2 /* Resources */ = {
			isa = PBXResourcesBuildPhase;
			buildActionMask = 2147483647;
			files = (
				494766271E7D0D000024F9A2 /* LaunchScreen.storyboard in Resources */,
				494766241E7D0D000024F9A2 /* Assets.xcassets in Resources */,
				494766221E7D0D000024F9A2 /* Main.storyboard in Resources */,
				498A21F31E8C105300C1D5E1 /* Popup.storyboard in Resources */,
			);
			runOnlyForDeploymentPostprocessing = 0;
		};
/* End PBXResourcesBuildPhase section */

/* Begin PBXShellScriptBuildPhase section */
		60B0CA4934DBA8C5454FC36F /* [CP] Check Pods Manifest.lock */ = {
			isa = PBXShellScriptBuildPhase;
			buildActionMask = 2147483647;
			files = (
			);
			inputPaths = (
			);
			name = "[CP] Check Pods Manifest.lock";
			outputPaths = (
			);
			runOnlyForDeploymentPostprocessing = 0;
			shellPath = /bin/sh;
			shellScript = "diff \"${PODS_ROOT}/../Podfile.lock\" \"${PODS_ROOT}/Manifest.lock\" > /dev/null\nif [ $? != 0 ] ; then\n    # print error to STDERR\n    echo \"error: The sandbox is not in sync with the Podfile.lock. Run 'pod install' or update your CocoaPods installation.\" >&2\n    exit 1\nfi\n";
			showEnvVarsInLog = 0;
		};
		9DB97E983F1E315412075EB4 /* [CP] Copy Pods Resources */ = {
			isa = PBXShellScriptBuildPhase;
			buildActionMask = 2147483647;
			files = (
			);
			inputPaths = (
			);
			name = "[CP] Copy Pods Resources";
			outputPaths = (
			);
			runOnlyForDeploymentPostprocessing = 0;
			shellPath = /bin/sh;
			shellScript = "\"${SRCROOT}/Pods/Target Support Files/Pods-Doocine-iOS/Pods-Doocine-iOS-resources.sh\"\n";
			showEnvVarsInLog = 0;
		};
		C38F6848FDD75678545EF1F6 /* [CP] Embed Pods Frameworks */ = {
			isa = PBXShellScriptBuildPhase;
			buildActionMask = 2147483647;
			files = (
			);
			inputPaths = (
			);
			name = "[CP] Embed Pods Frameworks";
			outputPaths = (
			);
			runOnlyForDeploymentPostprocessing = 0;
			shellPath = /bin/sh;
			shellScript = "\"${SRCROOT}/Pods/Target Support Files/Pods-Doocine-iOS/Pods-Doocine-iOS-frameworks.sh\"\n";
			showEnvVarsInLog = 0;
		};
/* End PBXShellScriptBuildPhase section */

/* Begin PBXSourcesBuildPhase section */
		494766151E7D0CFF0024F9A2 /* Sources */ = {
			isa = PBXSourcesBuildPhase;
			buildActionMask = 2147483647;
			files = (
				49898BC61ECC6665007C5360 /* EditCutNumberPopup.swift in Sources */,
				49131E011E9F1A53002108A2 /* MakeSceneViewController.swift in Sources */,
				494AF10C1E96092F005D704C /* ProjectSceneCell.swift in Sources */,
				49FD2F941EA462F700F40C44 /* MakeProjectCell.swift in Sources */,
				49C282481EA381BF00727CB2 /* PhotoManager.swift in Sources */,
				492430B41E8400B800C3BBA0 /* HomeProjectScrollView.swift in Sources */,
				4997E9601E8CD7A8004F742E /* Cut.swift in Sources */,
				4947663F1E7D14430024F9A2 /* HomeViewController.swift in Sources */,
				494766331E7D0E900024F9A2 /* SplashViewController.swift in Sources */,
				491FDA2C1E9FBE150010FB8A /* ShotSizeViewController.swift in Sources */,
				494766361E7D0F6B0024F9A2 /* MovieStoryboard.swift in Sources */,
				492C24601EC323D800029F18 /* YoutubeViewController.swift in Sources */,
				4939D6B91EA0667000A90B96 /* CameraWalkPopup.swift in Sources */,
				49A9DF921E9550ED008F75AB /* ProjectListCell.swift in Sources */,
				49F8E3BB1E7D149B004A61B3 /* TutorialViewController.swift in Sources */,
				49FD2F961EA4630800F40C44 /* ProjectCell.swift in Sources */,
				49C4A5BA1EB08BD1007B0D04 /* PhotoModePopup.swift in Sources */,
				49ACFDAB1EB481C400565912 /* UIImageExtension.swift in Sources */,
				49A9DF951E9564BD008F75AB /* ProjectDetailViewController.swift in Sources */,
				49131DFD1E9E8A25002108A2 /* ProjectDetailCollectionCell.swift in Sources */,
				492430BA1E840B1000C3BBA0 /* MakeNewProjectView.swift in Sources */,
				49131DFF1E9F1407002108A2 /* MakeSceneCollectionViewCell.swift in Sources */,
				498A21F01E8C100400C1D5E1 /* CreateProjectPopup.swift in Sources */,
				4947661D1E7D0D000024F9A2 /* AppDelegate.swift in Sources */,
				492430B81E840AF500C3BBA0 /* ProjectView.swift in Sources */,
				496882461EA0917B0068605A /* IntroViewController.swift in Sources */,
				492430B61E8401AD00C3BBA0 /* HomeHeaderView.swift in Sources */,
				49F8E3C01E7D194C004A61B3 /* ColorExtension.swift in Sources */,
				49A9DF8F1E954ACC008F75AB /* ProjectListViewController.swift in Sources */,
				49ACFDAD1EB481D900565912 /* UITableViewExtension.swift in Sources */,
				49F8E3BE1E7D18E6004A61B3 /* BaseViewController.swift in Sources */,
				49F8E3C71E7D1B2D004A61B3 /* Constants.swift in Sources */,
				493D68641E9A522500A67670 /* ProjectStartCell.swift in Sources */,
				49F8E3C91E7D1DED004A61B3 /* Scene.swift in Sources */,
				491FDA2A1E9FB1F40010FB8A /* MakeCutViewController.swift in Sources */,
			);
			runOnlyForDeploymentPostprocessing = 0;
		};
/* End PBXSourcesBuildPhase section */

/* Begin PBXVariantGroup section */
		494766201E7D0D000024F9A2 /* Main.storyboard */ = {
			isa = PBXVariantGroup;
			children = (
				494766211E7D0D000024F9A2 /* Base */,
			);
			name = Main.storyboard;
			sourceTree = "<group>";
		};
		494766251E7D0D000024F9A2 /* LaunchScreen.storyboard */ = {
			isa = PBXVariantGroup;
			children = (
				494766261E7D0D000024F9A2 /* Base */,
			);
			name = LaunchScreen.storyboard;
			sourceTree = "<group>";
		};
		498A21F11E8C105300C1D5E1 /* Popup.storyboard */ = {
			isa = PBXVariantGroup;
			children = (
				498A21F21E8C105300C1D5E1 /* Base */,
			);
			name = Popup.storyboard;
			sourceTree = "<group>";
		};
/* End PBXVariantGroup section */

/* Begin XCBuildConfiguration section */
		494766291E7D0D000024F9A2 /* Debug */ = {
			isa = XCBuildConfiguration;
			buildSettings = {
				ALWAYS_SEARCH_USER_PATHS = NO;
				CLANG_ANALYZER_NONNULL = YES;
				CLANG_CXX_LANGUAGE_STANDARD = "gnu++0x";
				CLANG_CXX_LIBRARY = "libc++";
				CLANG_ENABLE_MODULES = YES;
				CLANG_ENABLE_OBJC_ARC = YES;
				CLANG_WARN_BOOL_CONVERSION = YES;
				CLANG_WARN_CONSTANT_CONVERSION = YES;
				CLANG_WARN_DIRECT_OBJC_ISA_USAGE = YES_ERROR;
				CLANG_WARN_DOCUMENTATION_COMMENTS = YES;
				CLANG_WARN_EMPTY_BODY = YES;
				CLANG_WARN_ENUM_CONVERSION = YES;
				CLANG_WARN_INFINITE_RECURSION = YES;
				CLANG_WARN_INT_CONVERSION = YES;
				CLANG_WARN_OBJC_ROOT_CLASS = YES_ERROR;
				CLANG_WARN_SUSPICIOUS_MOVE = YES;
				CLANG_WARN_UNREACHABLE_CODE = YES;
				CLANG_WARN__DUPLICATE_METHOD_MATCH = YES;
				"CODE_SIGN_IDENTITY[sdk=iphoneos*]" = "iPhone Developer";
				COPY_PHASE_STRIP = NO;
				DEBUG_INFORMATION_FORMAT = dwarf;
				ENABLE_STRICT_OBJC_MSGSEND = YES;
				ENABLE_TESTABILITY = YES;
				GCC_C_LANGUAGE_STANDARD = gnu99;
				GCC_DYNAMIC_NO_PIC = NO;
				GCC_NO_COMMON_BLOCKS = YES;
				GCC_OPTIMIZATION_LEVEL = 0;
				GCC_PREPROCESSOR_DEFINITIONS = (
					"DEBUG=1",
					"$(inherited)",
				);
				GCC_WARN_64_TO_32_BIT_CONVERSION = YES;
				GCC_WARN_ABOUT_RETURN_TYPE = YES_ERROR;
				GCC_WARN_UNDECLARED_SELECTOR = YES;
				GCC_WARN_UNINITIALIZED_AUTOS = YES_AGGRESSIVE;
				GCC_WARN_UNUSED_FUNCTION = YES;
				GCC_WARN_UNUSED_VARIABLE = YES;
				IPHONEOS_DEPLOYMENT_TARGET = 10.2;
				MTL_ENABLE_DEBUG_INFO = YES;
				ONLY_ACTIVE_ARCH = YES;
				SDKROOT = iphoneos;
				SWIFT_ACTIVE_COMPILATION_CONDITIONS = DEBUG;
				SWIFT_OPTIMIZATION_LEVEL = "-Onone";
				TARGETED_DEVICE_FAMILY = 2;
			};
			name = Debug;
		};
		4947662A1E7D0D000024F9A2 /* Release */ = {
			isa = XCBuildConfiguration;
			buildSettings = {
				ALWAYS_SEARCH_USER_PATHS = NO;
				CLANG_ANALYZER_NONNULL = YES;
				CLANG_CXX_LANGUAGE_STANDARD = "gnu++0x";
				CLANG_CXX_LIBRARY = "libc++";
				CLANG_ENABLE_MODULES = YES;
				CLANG_ENABLE_OBJC_ARC = YES;
				CLANG_WARN_BOOL_CONVERSION = YES;
				CLANG_WARN_CONSTANT_CONVERSION = YES;
				CLANG_WARN_DIRECT_OBJC_ISA_USAGE = YES_ERROR;
				CLANG_WARN_DOCUMENTATION_COMMENTS = YES;
				CLANG_WARN_EMPTY_BODY = YES;
				CLANG_WARN_ENUM_CONVERSION = YES;
				CLANG_WARN_INFINITE_RECURSION = YES;
				CLANG_WARN_INT_CONVERSION = YES;
				CLANG_WARN_OBJC_ROOT_CLASS = YES_ERROR;
				CLANG_WARN_SUSPICIOUS_MOVE = YES;
				CLANG_WARN_UNREACHABLE_CODE = YES;
				CLANG_WARN__DUPLICATE_METHOD_MATCH = YES;
				"CODE_SIGN_IDENTITY[sdk=iphoneos*]" = "iPhone Developer";
				COPY_PHASE_STRIP = NO;
				DEBUG_INFORMATION_FORMAT = "dwarf-with-dsym";
				ENABLE_NS_ASSERTIONS = NO;
				ENABLE_STRICT_OBJC_MSGSEND = YES;
				GCC_C_LANGUAGE_STANDARD = gnu99;
				GCC_NO_COMMON_BLOCKS = YES;
				GCC_WARN_64_TO_32_BIT_CONVERSION = YES;
				GCC_WARN_ABOUT_RETURN_TYPE = YES_ERROR;
				GCC_WARN_UNDECLARED_SELECTOR = YES;
				GCC_WARN_UNINITIALIZED_AUTOS = YES_AGGRESSIVE;
				GCC_WARN_UNUSED_FUNCTION = YES;
				GCC_WARN_UNUSED_VARIABLE = YES;
				IPHONEOS_DEPLOYMENT_TARGET = 10.2;
				MTL_ENABLE_DEBUG_INFO = NO;
				SDKROOT = iphoneos;
				SWIFT_OPTIMIZATION_LEVEL = "-Owholemodule";
				TARGETED_DEVICE_FAMILY = 2;
				VALIDATE_PRODUCT = YES;
			};
			name = Release;
		};
		4947662C1E7D0D000024F9A2 /* Debug */ = {
			isa = XCBuildConfiguration;
			baseConfigurationReference = 2D64F9E2D53F17A4C0E29676 /* Pods-Doocine-iOS.debug.xcconfig */;
			buildSettings = {
				ASSETCATALOG_COMPILER_APPICON_NAME = AppIcon;
				DEVELOPMENT_TEAM = 23EFP3FERN;
				INFOPLIST_FILE = "Doocine-iOS/Info.plist";
				LD_RUNPATH_SEARCH_PATHS = "$(inherited) @executable_path/Frameworks";
				PRODUCT_BUNDLE_IDENTIFIER = "Sohn.Doocine-iOS";
				PRODUCT_NAME = "$(TARGET_NAME)";
				SWIFT_VERSION = 3.0;
			};
			name = Debug;
		};
		4947662D1E7D0D000024F9A2 /* Release */ = {
			isa = XCBuildConfiguration;
			baseConfigurationReference = 1EC1349277454E927C588BBE /* Pods-Doocine-iOS.release.xcconfig */;
			buildSettings = {
				ASSETCATALOG_COMPILER_APPICON_NAME = AppIcon;
				DEVELOPMENT_TEAM = 23EFP3FERN;
				INFOPLIST_FILE = "Doocine-iOS/Info.plist";
				LD_RUNPATH_SEARCH_PATHS = "$(inherited) @executable_path/Frameworks";
				PRODUCT_BUNDLE_IDENTIFIER = "Sohn.Doocine-iOS";
				PRODUCT_NAME = "$(TARGET_NAME)";
				SWIFT_VERSION = 3.0;
			};
			name = Release;
		};
/* End XCBuildConfiguration section */

/* Begin XCConfigurationList section */
		494766141E7D0CFF0024F9A2 /* Build configuration list for PBXProject "Doocine-iOS" */ = {
			isa = XCConfigurationList;
			buildConfigurations = (
				494766291E7D0D000024F9A2 /* Debug */,
				4947662A1E7D0D000024F9A2 /* Release */,
			);
			defaultConfigurationIsVisible = 0;
			defaultConfigurationName = Release;
		};
		4947662B1E7D0D000024F9A2 /* Build configuration list for PBXNativeTarget "Doocine-iOS" */ = {
			isa = XCConfigurationList;
			buildConfigurations = (
				4947662C1E7D0D000024F9A2 /* Debug */,
				4947662D1E7D0D000024F9A2 /* Release */,
			);
			defaultConfigurationIsVisible = 0;
			defaultConfigurationName = Release;
		};
/* End XCConfigurationList section */
	};
	rootObject = 494766111E7D0CFF0024F9A2 /* Project object */;
}
